
Microsoft Visual Studio Solution File, Format Version 12.00
# Visual Studio Version 17
VisualStudioVersion = 17.0.32112.339
MinimumVisualStudioVersion = 10.0.40219.1
Project("{FAE04EC0-301F-11D3-BF4B-00C04F79EFBC}") = "ConsoleApp1", "ConsoleApp1.csproj", "{A42371D4-1FC4-4827-8F1C-A1CF6C53D47E}"
EndProject
Global
	GlobalSection(SolutionConfigurationPlatforms) = preSolution
		Debug|Any CPU = Debug|Any CPU
		Release|Any CPU = Release|Any CPU
	EndGlobalSection
	GlobalSection(ProjectConfigurationPlatforms) = postSolution
		{A42371D4-1FC4-4827-8F1C-A1CF6C53D47E}.Debug|Any CPU.ActiveCfg = Debug|Any CPU
		{A42371D4-1FC4-4827-8F1C-A1CF6C53D47E}.Debug|Any CPU.Build.0 = Debug|Any CPU
		{A42371D4-1FC4-4827-8F1C-A1CF6C53D47E}.Release|Any CPU.ActiveCfg = Release|Any CPU
		{A42371D4-1FC4-4827-8F1C-A1CF6C53D47E}.Release|Any CPU.Build.0 = Release|Any CPU
	EndGlobalSection
	GlobalSection(SolutionProperties) = preSolution
		HideSolutionNode = FALSE
	EndGlobalSection
	GlobalSection(ExtensibilityGlobals) = postSolution
		SolutionGuid = {34015316-A375-42F7-989A-8680F76C95EC}
	EndGlobalSection
EndGlobal
